{
  "name": "automated-nodejs-backups",
  "version": "0.0.0",
  "lockfileVersion": 1,
  "requires": true,
  "dependencies": {
    "@getvim/execute": {
      "version": "1.0.0",
      "resolved": "https://registry.npmjs.org/@getvim/execute/-/execute-1.0.0.tgz",
      "integrity": "sha512-DBtKHtKq4GKNnHL8pmiZb2y7uhkfVaQljqlmOJODDtJJfVOPQtUMMJCbEBTbvrqTnOlzgcgftUIsJCbLNgukdg=="
    },
    "dotenv": {
      "version": "8.2.0",
      "resolved": "https://registry.npmjs.org/dotenv/-/dotenv-8.2.0.tgz",
      "integrity": "sha512-8sJ78ElpbDJBHNeBzUbUVLsqKdccaa/BXF1uPTw3GrvQTBgrQrtObr2mUrE38vzYd8cEv+m/JBfDLioYcfXoaw=="
    },
    "gzipme": {
      "version": "1.0.0",
      "resolved": "https://registry.npmjs.org/gzipme/-/gzipme-1.0.0.tgz",
      "integrity": "sha512-wxwgzH0vbi7RpWPYPRq+3laKr7Di4S4nYnFCQbxFpkcuxO49LVC7NUS7ZDnPLVRZcEDL4iZFCqnLCFSvoBIIhw==",
      "requires": {
        "commander": "6.1.0"
      },
      "dependencies": {
        "commander": {
          "version": "6.1.0",
          "resolved": "https://registry.npmjs.org/commander/-/commander-6.1.0.tgz",
          "integrity": "sha512-wl7PNrYWd2y5mp1OK/LhTlv8Ff4kQJQRXXAvF+uU/TPNiVJUxZLRYGj/B0y/lPGAVcSbJqH2Za/cvHmrPMC8mA=="
        }
      }
    }
  }
}
